github.com/Azure/go-ansiterm v0.0.0-20170929234023-d6e3b3328b78/go.mod h1:LmzpDX56iTiv29bbRTIsUNlaFfuhWRQBWjQdVyAevI8=
github.com/GeertJohan/go.incremental v1.0.0/go.mod h1:6fAjUhbVuX1KcMD3c8TEgVUqmo4seqhv0i0kdATSkM0=
github.com/GeertJohan/go.rice v1.0.3 h1:k5viR+xGtIhF61125vCE1cmJ5957RQGXG6dmbaWZSmI=
github.com/GeertJohan/go.rice v1.0.3/go.mod h1:XVdrU4pW00M4ikZed5q56tPf1v2KwnIKeIdc9CBYNt4=
github.com/akavel/rsrc v0.8.0/go.mod h1:uLoCtb9J+EyAqh+26kdrTgmzRBFPGOolLWKpdxkKq+c=
github.com/andybalholm/brotli v1.0.0/go.mod h1:loMXtMfwqflxFJPmdbJO0a3KNoPuLBgiu3qAvBg8x/Y=
github.com/aws/aws-sdk-go-v2 v1.30.3 h1:jUeBtG0Ih+ZIFH0F4UkmL9w3cSpaMv9tYYDbzILP8dY=
github.com/aws/aws-sdk-go-v2 v1.30.3/go.mod h1:nIQjQVp5sfpQcTc9mPSr1B0PaWK5ByX9MOoDadSN4lc=
github.com/aws/aws-sdk-go-v2/aws/protocol/eventstream v1.6.3 h1:tW1/Rkad38LA15X4UQtjXZXNKsCgkshC3EbmcUmghTg=
github.com/aws/aws-sdk-go-v2/aws/protocol/eventstream v1.6.3/go.mod h1:UbnqO+zjqk3uIt9yCACHJ9IVNhyhOCnYk8yA19SAWrM=
github.com/aws/aws-sdk-go-v2/config v1.27.27 h1:HdqgGt1OAP0HkEDDShEl0oSYa9ZZBSOmKpdpsDMdO90=
github.com/aws/aws-sdk-go-v2/config v1.27.27/go.mod h1:MVYamCg76dFNINkZFu4n4RjDixhVr51HLj4ErWzrVwg=
github.com/aws/aws-sdk-go-v2/credentials v1.17.27 h1:2raNba6gr2IfA0eqqiP2XiQ0UVOpGPgDSi0I9iAP+UI=
github.com/aws/aws-sdk-go-v2/credentials v1.17.27/go.mod h1:gniiwbGahQByxan6YjQUMcW4Aov6bLC3m+evgcoN4r4=
github.com/aws/aws-sdk-go-v2/feature/ec2/imds v1.16.11 h1:KreluoV8FZDEtI6Co2xuNk/UqI9iwMrOx/87PBNIKqw=
github.com/aws/aws-sdk-go-v2/feature/ec2/imds v1.16.11/go.mod h1:SeSUYBLsMYFoRvHE0Tjvn7kbxaUhl75CJi1sbfhMxkU=
github.com/aws/aws-sdk-go-v2/feature/s3/manager v1.17.8 h1:u1KOU1S15ufyZqmH/rA3POkiRH6EcDANHj2xHRzq+zc=
github.com/aws/aws-sdk-go-v2/feature/s3/manager v1.17.8/go.mod h1:WPv2FRnkIOoDv/8j2gSUsI4qDc7392w5anFB/I89GZ8=
github.com/aws/aws-sdk-go-v2/internal/configsources v1.3.15 h1:SoNJ4RlFEQEbtDcCEt+QG56MY4fm4W8rYirAmq+/DdU=
github.com/aws/aws-sdk-go-v2/internal/configsources v1.3.15/go.mod h1:U9ke74k1n2bf+RIgoX1SXFed1HLs51OgUSs+Ph0KJP8=
github.com/aws/aws-sdk-go-v2/internal/endpoints/v2 v2.6.15 h1:C6WHdGnTDIYETAm5iErQUiVNsclNx9qbJVPIt03B6bI=
github.com/aws/aws-sdk-go-v2/internal/endpoints/v2 v2.6.15/go.mod h1:ZQLZqhcu+JhSrA9/NXRm8SkDvsycE+JkV3WGY41e+IM=
github.com/aws/aws-sdk-go-v2/internal/ini v1.8.0 h1:hT8rVHwugYE2lEfdFE0QWVo81lF7jMrYJVDWI+f+VxU=
github.com/aws/aws-sdk-go-v2/internal/ini v1.8.0/go.mod h1:8tu/lYfQfFe6IGnaOdrpVgEL2IrrDOf6/m9RQum4NkY=
github.com/aws/aws-sdk-go-v2/internal/v4a v1.3.15 h1:Z5r7SycxmSllHYmaAZPpmN8GviDrSGhMS6bldqtXZPw=
github.com/aws/aws-sdk-go-v2/internal/v4a v1.3.15/go.mod h1:CetW7bDE00QoGEmPUoZuRog07SGVAUVW6LFpNP0YfIg=
github.com/aws/aws-sdk-go-v2/service/internal/accept-encoding v1.11.3 h1:dT3MqvGhSoaIhRseqw2I0yH81l7wiR2vjs57O51EAm8=
github.com/aws/aws-sdk-go-v2/service/internal/accept-encoding v1.11.3/go.mod h1:GlAeCkHwugxdHaueRr4nhPuY+WW+gR8UjlcqzPr1SPI=
github.com/aws/aws-sdk-go-v2/service/internal/checksum v1.3.17 h1:YPYe6ZmvUfDDDELqEKtAd6bo8zxhkm+XEFEzQisqUIE=
github.com/aws/aws-sdk-go-v2/service/internal/checksum v1.3.17/go.mod h1:oBtcnYua/CgzCWYN7NZ5j7PotFDaFSUjCYVTtfyn7vw=
github.com/aws/aws-sdk-go-v2/service/internal/presigned-url v1.11.17 h1:HGErhhrxZlQ044RiM+WdoZxp0p+EGM62y3L6pwA4olE=
github.com/aws/aws-sdk-go-v2/service/internal/presigned-url v1.11.17/go.mod h1:RkZEx4l0EHYDJpWppMJ3nD9wZJAa8/0lq9aVC+r2UII=
github.com/aws/aws-sdk-go-v2/service/internal/s3shared v1.17.15 h1:246A4lSTXWJw/rmlQI+TT2OcqeDMKBdyjEQrafMaQdA=
github.com/aws/aws-sdk-go-v2/service/internal/s3shared v1.17.15/go.mod h1:haVfg3761/WF7YPuJOER2MP0k4UAXyHaLclKXB6usDg=
github.com/aws/aws-sdk-go-v2/service/s3 v1.58.2 h1:sZXIzO38GZOU+O0C+INqbH7C2yALwfMWpd64tONS/NE=
github.com/aws/aws-sdk-go-v2/service/s3 v1.58.2/go.mod h1:Lcxzg5rojyVPU/0eFwLtcyTaek/6Mtic5B1gJo7e/zE=
github.com/aws/aws-sdk-go-v2/service/sso v1.22.4 h1:BXx0ZIxvrJdSgSvKTZ+yRBeSqqgPM89VPlulEcl37tM=
github.com/aws/aws-sdk-go-v2/service/sso v1.22.4/go.mod h1:ooyCOXjvJEsUw7x+ZDHeISPMhtwI3ZCB7ggFMcFfWLU=
github.com/aws/aws-sdk-go-v2/service/ssooidc v1.26.4 h1:yiwVzJW2ZxZTurVbYWA7QOrAaCYQR72t0wrSBfoesUE=
github.com/aws/aws-sdk-go-v2/service/ssooidc v1.26.4/go.mod h1:0oxfLkpz3rQ/CHlx5hB7H69YUpFiI1tql6Q6Ne+1bCw=
github.com/aws/aws-sdk-go-v2/service/sts v1.30.3 h1:ZsDKRLXGWHk8WdtyYMoGNO7bTudrvuKpDKgMVRlepGE=
github.com/aws/aws-sdk-go-v2/service/sts v1.30.3/go.mod h1:zwySh8fpFyXp9yOr/KVzxOl8SRqgf/IDw5aUt9UKFcQ=
github.com/aws/smithy-go v1.20.3 h1:ryHwveWzPV5BIof6fyDvor6V3iUL7nTfiTKXHiW05nE=
github.com/aws/smithy-go v1.20.3/go.mod h1:krry+ya/rV9RDcV/Q16kpu6ypI4K2czasz0NC3qS14E=
github.com/blang/semver v3.5.1+incompatible h1:cQNTCjp13qL8KC3Nbxr/y2Bqb63oX6wdnnjpJbkM4JQ=
github.com/blang/semver v3.5.1+incompatible/go.mod h1:kRBLl5iJ+tD4TcOOxsy/0fnwebNt5EWlYSAyrTnjyyk=
github.com/bmizerany/assert v0.0.0-20160611221934-b7ed37b82869 h1:DDGfHa7BWjL4YnC6+E63dPcxHo2sUxDIu8g3QgEJdRY=
github.com/bmizerany/assert v0.0.0-20160611221934-b7ed37b82869/go.mod h1:Ekp36dRnpXw/yCqJaO+ZrUyxD+3VXMFFr56k5XYrpB4=
github.com/carolynvs/magex v0.6.0/go.mod h1:hqaEkr9TAv+kFb/5wgDiTdszF13rpe0Q+bWHmTe6N74=
github.com/codahale/rfc6979 v0.0.0-20141003034818-6a90f24967eb h1:EDmT6Q9Zs+SbUoc7Ik9EfrFqcylYqgPZ9ANSbTAntnE=
github.com/codahale/rfc6979 v0.0.0-20141003034818-6a90f24967eb/go.mod h1:ZjrT6AXHbDs86ZSdt/osfBi5qfexBrKUdONk989Wnk4=
github.com/coreos/go-systemd/v22 v22.3.2 h1:D9/bQk5vlXQFZ6Kwuu6zaiXJ9oTPe68++AzAJc1DzSI=
github.com/coreos/go-systemd/v22 v22.3.2/go.mod h1:Y58oyj3AT4RCenI/lSvhwexgC+NSVTIJ3seZv2GcEnc=
github.com/cpuguy83/go-md2man/v2 v2.0.4/go.mod h1:tgQtvFlXSQOSOSIRvRPT7W67SCa46tRHOmNcaadrF8o=
github.com/creack/pty v1.1.11/go.mod h1:oKZEueFk5CKHvIhNR5MUki03XCEU+Q6VDXinZuGJ33E=
github.com/creack/pty v1.1.21 h1:1/QdRyBaHHJP61QkWMXlOIBfsgdDeeKfK8SYVUWJKf0=
github.com/creack/pty v1.1.21/go.mod h1:MOBLtS5ELjhRRrroQr9kyvTxUAFNvYEK993ew/Vr4O4=
github.com/cyphar/filepath-securejoin v0.2.4 h1:Ugdm7cg7i6ZK6x3xDF1oEu1nfkyfH53EtKeQYTC3kyg=
github.com/cyphar/filepath-securejoin v0.2.4/go.mod h1:aPGpWjXOXUn2NCNjFvBE6aRxGGx79pTxQpKOJNYHHl4=
github.com/daaku/go.zipexe v1.0.2/go.mod h1:5xWogtqlYnfBXkSB1o9xysukNP9GTvaNkqzUZbt3Bw8=
github.com/davecgh/go-spew v1.1.0/go.mod h1:J7Y8YcW2NihsgmVo/mv3lAwl/skON4iLHjSsI+c5H38=
github.com/davecgh/go-spew v1.1.1 h1:vj9j/u1bqnvCEfJOwUhtlOARqs3+rkHYY13jYWTU97c=
github.com/davecgh/go-spew v1.1.1/go.mod h1:J7Y8YcW2NihsgmVo/mv3lAwl/skON4iLHjSsI+c5H38=
github.com/disiqueira/gotree v1.0.0 h1:en5wk87n7/Jyk6gVME3cx3xN9KmUCstJ1IjHr4Se4To=
github.com/disiqueira/gotree v1.0.0/go.mod h1:7CwL+VWsWAU95DovkdRZAtA7YbtHwGk+tLV/kNi8niU=
github.com/dlclark/regexp2 v1.7.0 h1:7lJfhqlPssTb1WQx4yvTHN0uElPEv52sbaECrAQxjAo=
github.com/dlclark/regexp2 v1.7.0/go.mod h1:DHkYz0B9wPfa6wondMfaivmHpzrQ3v9q8cnmRbL6yW8=
github.com/dop251/goja v0.0.0-20240707163329-b1681fb2a2f5 h1:ZRqTaoW9WZ2DqeOQGhK9q73eCb47SEs30GV2IRHT9bo=
github.com/dop251/goja v0.0.0-20240707163329-b1681fb2a2f5/go.mod h1:o31y53rb/qiIAONF7w3FHJZRqqP3fzHUr1HqanthByw=
github.com/dsnet/compress v0.0.1/go.mod h1:Aw8dCMJ7RioblQeTqt88akK31OvO8Dhf5JflhBbQEHo=
github.com/dsnet/golib v0.0.0-20171103203638-1ea166775780/go.mod h1:Lj+Z9rebOhdfkVLjJ8T6VcRQv3SXugXy999NBtR9aFY=
github.com/fsnotify/fsnotify v1.4.7/go.mod h1:jwhsz4b93w/PPRr/qN1Yymfu8t87LnFCMoQvtojpjFo=
github.com/fsnotify/fsnotify v1.7.0 h1:8JEhPFa5W2WU7YfeZzPNqzMP6Lwt7L2715Ggo0nosvA=
github.com/fsnotify/fsnotify v1.7.0/go.mod h1:40Bi/Hjc2AVfZrqy+aj+yEI+/bRxZnMJyTJwOpGvigM=
github.com/go-logr/logr v0.1.0/go.mod h1:ixOQHD9gLJUVQQ2ZOR7zLEifBX6tGkNJF4QyIY7sIas=
github.com/go-sourcemap/sourcemap v2.1.3+incompatible h1:W1iEw64niKVGogNgBN3ePyLFfuisuzeidWPMPWmECqU=
github.com/go-sourcemap/sourcemap v2.1.3+incompatible/go.mod h1:F8jJfvm2KbVjc5NqelyYJmf/v5J0dwNLS2mL4sNA1Jg=
github.com/godbus/dbus/v5 v5.0.4/go.mod h1:xhWf0FNVPg57R7Z0UbKHbJfkEywrmjJnf7w5xrFpKfA=
github.com/godbus/dbus/v5 v5.0.6 h1:mkgN1ofwASrYnJ5W6U/BxG15eXXXjirgZc7CLqkcaro=
github.com/godbus/dbus/v5 v5.0.6/go.mod h1:xhWf0FNVPg57R7Z0UbKHbJfkEywrmjJnf7w5xrFpKfA=
github.com/golang/protobuf v1.2.0/go.mod h1:6lQm79b+lXiMfvg/cZm0SGofjICqVBUtrP5yJMmIC1U=
github.com/golang/protobuf v1.4.0-rc.1/go.mod h1:ceaxUfeHdC40wWswd/P6IGgMaK3YpKi5j83Wpe3EHw8=
github.com/golang/protobuf v1.4.0-rc.1.0.20200221234624-67d41d38c208/go.mod h1:xKAWHe0F5eneWXFV3EuXVDTCmh+JuBKY0li0aMyXATA=
github.com/golang/protobuf v1.4.0-rc.2/go.mod h1:LlEzMj4AhA7rCAGe4KMBDvJI+AwstrUpVNzEA03Pprs=
github.com/golang/protobuf v1.4.0-rc.4.0.20200313231945-b860323f09d0/go.mod h1:WU3c8KckQ9AFe+yFwt9sWVRKCVIyN9cPHBJSNnbL67w=
github.com/golang/protobuf v1.4.0/go.mod h1:jodUvKwWbYaEsadDk5Fwe5c77LiNKVO9IDvqG2KuDX0=
github.com/golang/protobuf v1.4.3/go.mod h1:oDoupMAO8OvCJWAcko0GGGIgR6R6ocIYbsSw735rRwI=
github.com/golang/snappy v0.0.1/go.mod h1:/XxbfmMg8lxefKM7IXC3fBNl/7bRcc72aCRzEWrmP2Q=
github.com/google/go-cmp v0.3.0/go.mod h1:8QqcDgzrUqlUb/G2PQTWiueGozuR1884gddMywk6iLU=
github.com/google/go-cmp v0.3.1/go.mod h1:8QqcDgzrUqlUb/G2PQTWiueGozuR1884gddMywk6iLU=
github.com/google/go-cmp v0.4.0/go.mod h1:v8dTdLbMG2kIc/vJvl+f65V22dbkXbowE6jgT/gNBxE=
github.com/google/go-cmp v0.5.5 h1:Khx7svrCpmxxtHBq5j2mp/xVjsi8hQMfNLvJFAlrGgU=
github.com/google/go-cmp v0.5.5/go.mod h1:v8dTdLbMG2kIc/vJvl+f65V22dbkXbowE6jgT/gNBxE=
github.com/google/pprof v0.0.0-20230207041349-798e818bf904 h1:4/hN5RUoecvl+RmJRE2YxKWtnnQls6rQjjW5oV7qg2U=
github.com/google/pprof v0.0.0-20230207041349-798e818bf904/go.mod h1:uglQLonpP8qtYCYyzA+8c/9qtqgA3qsXGYqCPKARAFg=
github.com/google/uuid v1.6.0 h1:NIvaJDMOsjHA8n1jAhLSgzrAzy1Hgr+hNrb57e+94F0=
github.com/google/uuid v1.6.0/go.mod h1:TIyPZe4MgqvfeYDBFedMoGGpEw/LqOeaOT+nhxU+yHo=
github.com/gookit/color v1.5.4 h1:FZmqs7XOyGgCAxmWyPslpiok1k05wmY3SJTytgvYFs0=
github.com/gookit/color v1.5.4/go.mod h1:pZJOeOS8DM43rXbp4AZo1n9zCU2qjpcRko0b6/QJi9w=
github.com/hpcloud/tail v1.0.0/go.mod h1:ab1qPbhIpdTxEkNHXyeSf5vhxWSCs/tWer42PpOxQnU=
github.com/imdario/mergo v0.3.13 h1:lFzP57bqS/wsqKssCGmtLAb8A0wKjLGrve2q3PPVcBk=
github.com/imdario/mergo v0.3.13/go.mod h1:4lJ1jqUDcsbIECGy0RUJAXNIhg+6ocWgb1ALK2O4oXg=
github.com/in-toto/in-toto-golang v0.3.3 h1:tkkEBU5i09UEeWKnrp6Rq4fXKAfpVXYMLRO5mDfnb3I=
github.com/in-toto/in-toto-golang v0.3.3/go.mod h1:dbXecHGZSqRubmm5TXtvDSZT5JyaKD7ebVTiC2aMLWY=
github.com/inconshreveable/mousetrap v1.1.0 h1:wN+x4NVGpMsO7ErUn/mUI3vEoE6Jt13X2s0bqwp9tc8=
github.com/inconshreveable/mousetrap v1.1.0/go.mod h1:vpF70FUmC8bwa3OWnCshd2FqLfsEA9PFc4w1p2J65bw=
github.com/jessevdk/go-flags v1.4.0/go.mod h1:4FA24M0QyGHXBuZZK/XkWh8h0e1EYbRYJSGM75WSRxI=
github.com/karrick/godirwalk v1.17.0 h1:b4kY7nqDdioR/6qnbHQyDvmA17u5G1cZ6J+CZXwSWoI=
github.com/karrick/godirwalk v1.17.0/go.mod h1:j4mkqPuvaLI8mp1DroR3P6ad7cyYd4c1qeJ3RV7ULlk=
github.com/klauspost/compress v1.4.1/go.mod h1:RyIbtBH6LamlWaDj8nUwkbUhJ87Yi3uG0guNDohfE1A=
github.com/klauspost/compress v1.10.10/go.mod h1:aoV0uJVorq1K+umq18yTdKaF57EivdYsUV+/s2qKfXs=
github.com/klauspost/cpuid v1.2.0/go.mod h1:Pj4uuM528wm8OyEC2QMXAi2YiTZ96dNQPGgoMS4s3ek=
github.com/klauspost/pgzip v1.2.4/go.mod h1:Ch1tH69qFZu15pkjo5kYi6mth2Zzwzt50oCQKQE9RUs=
github.com/kr/pretty v0.3.0 h1:WgNl7dwNpEZ6jJ9k1snq4pZsg7DOEN8hP9Xw0Tsjwk0=
github.com/kr/pretty v0.3.0/go.mod h1:640gp4NfQd8pI5XOwp5fnNeVWj67G7CFk/SaSQn7NBk=
github.com/kr/pty v1.1.1/go.mod h1:pFQYn66WHrOpPYNljwOMqo10TkYh1fy3cYio2l3bCsQ=
github.com/kr/text v0.1.0 h1:45sCR5RtlFHMR4UwH9sdQ5TC8v0qDQCHnXt+kaKSTVE=
github.com/kr/text v0.1.0/go.mod h1:4Jbv+DJW3UT/LiOwJeYQe1efqtUx/iVham/4vfdArNI=
github.com/magefile/mage v1.11.0/go.mod h1:z5UZb/iS3GoOSn0JgWuiw7dxlurVYTu+/jHXqQg881A=
github.com/maxbrunsfeld/counterfeiter/v6 v6.4.1/go.mod h1:DK1Cjkc0E49ShgRVs5jy5ASrM15svSnem3K/hiSGD8o=
github.com/mholt/archiver/v3 v3.5.0/go.mod h1:qqTTPUK/HZPFgFQ/TJ3BzvTpF/dPtFVJXdQbCmeMxwc=
github.com/minio/highwayhash v1.0.3 h1:kbnuUMoHYyVl7szWjSxJnxw11k2U709jqFPPmIUyD6Q=
github.com/minio/highwayhash v1.0.3/go.mod h1:GGYsuwP/fPD6Y9hMiXuapVvlIUEhFhMTh0rxU3ik1LQ=
github.com/moby/sys/mountinfo v0.5.0 h1:2Ks8/r6lopsxWi9m58nlwjaeSzUX9iiL1vj5qB/9ObI=
github.com/moby/sys/mountinfo v0.5.0/go.mod h1:3bMD3Rg+zkqx8MRYPi7Pyb0Ie97QEBmdxbhnCLlSvSU=
github.com/moby/term v0.0.0-20201216013528-df9cb8a40635/go.mod h1:FBS0z0QWA44HXygs7VXDUOGoN/1TV3RuWkLO04am3wc=
github.com/niemeyer/pretty v0.0.0-20200227124842-a10e7caefd8e h1:fD57ERR4JtEqsWbfPhv4DMiApHyliiK5xCTNVSPiaAs=
github.com/niemeyer/pretty v0.0.0-20200227124842-a10e7caefd8e/go.mod h1:zD1mROLANZcx1PVRCS0qkT7pwLkGfwJo4zjcN/Tysno=
github.com/nkovacs/streamquote v1.0.0/go.mod h1:BN+NaZ2CmdKqUuTUXUEm9j95B2TRbpOWpxbJYzzgUsc=
github.com/nwaples/rardecode v1.1.0/go.mod h1:5DzqNKiOdpKKBH87u8VlvAnPZMXcGRhxWkRpHbbfGS0=
github.com/nxadm/tail v1.4.4/go.mod h1:kenIhsEOeOJmVchQTgglprH7qJGnHDVpk1VPCcaMI8A=
github.com/onsi/ginkgo v1.6.0/go.mod h1:lLunBs/Ym6LB5Z9jYTR76FiuTmxDTDusOGeTQH+WWjE=
github.com/onsi/ginkgo v1.12.1/go.mod h1:zj2OWP4+oCPe1qIXoGWkgMRwljMUYCdkwsT2108oapk=
github.com/onsi/gomega v1.7.1/go.mod h1:XdKZgCCFLUoM/7CFJVPcG8C1xQ1AJ0vpAezJrB7JYyY=
github.com/onsi/gomega v1.11.0/go.mod h1:azGKhqFUon9Vuj0YmTfLSmx0FUwqXYSTl5re8lQLTUg=
github.com/opencontainers/runc v1.1.13 h1:98S2srgG9vw0zWcDpFMn5TRrh8kLxa/5OFUstuUhmRs=
github.com/opencontainers/runc v1.1.13/go.mod h1:R016aXacfp/gwQBYw2FDGa9m+n6atbLWrYY8hNMT/sA=
github.com/opencontainers/runtime-spec v1.2.0 h1:z97+pHb3uELt/yiAWD691HNHQIF07bE7dzrbT927iTk=
github.com/opencontainers/runtime-spec v1.2.0/go.mod h1:jwyrGlmzljRJv/Fgzds9SsS/C5hL+LL3ko9hs6T5lQ0=
github.com/opencontainers/selinux v1.10.0 h1:rAiKF8hTcgLI3w0DHm6i0ylVVcOrlgR1kK99DRLDhyU=
github.com/opencontainers/selinux v1.10.0/go.mod h1:2i0OySw99QjzBBQByd1Gr9gSjvuho1lHsJxIJ3gGbJI=
github.com/pierrec/lz4/v4 v4.0.3/go.mod h1:gZWDp/Ze/IJXGXf23ltt2EXimqmTUXEy0GFuRQyBid4=
github.com/pkg/errors v0.8.1/go.mod h1:bwawxfHBFNV+L2hUp1rHADufV3IMtnDRdf1r5NINEl0=
github.com/pkg/errors v0.9.1 h1:FEBLx1zS214owpjy7qsBeixbURkuhQAwrK5UwLGTwt4=
github.com/pkg/errors v0.9.1/go.mod h1:bwawxfHBFNV+L2hUp1rHADufV3IMtnDRdf1r5NINEl0=
github.com/pmezard/go-difflib v1.0.0 h1:4DBwDE0NGyQoBHbLQYPwSUPoCMWR5BEzIk/f1lZbAQM=
github.com/pmezard/go-difflib v1.0.0/go.mod h1:iKH77koFhYxTK1pcRnkKkqfTogsbg7gZNVY4sRDYZ/4=
github.com/rogpeppe/go-internal v1.12.0 h1:exVL4IDcn6na9z1rAb56Vxr+CgyK3nn3O+epU5NdKM8=
github.com/rogpeppe/go-internal v1.12.0/go.mod h1:E+RYuTGaKKdloAfM02xzb0FW3Paa99yedzYV+kq4uf4=
github.com/russross/blackfriday/v2 v2.1.0/go.mod h1:+Rmxgy9KzJVeS9/2gXHxylqXiyQDYRxCVz55jmeOWTM=
github.com/sclevine/spec v1.4.0/go.mod h1:LvpgJaFyvQzRvc1kaDs0bulYwzC70PbiYjC4QnFHkOM=
github.com/seccomp/libseccomp-golang v0.9.2-0.20220502022130-f33da4d89646 h1:RpforrEYXWkmGwJHIGnLZ3tTWStkjVVstwzNGqxX2Ds=
github.com/seccomp/libseccomp-golang v0.9.2-0.20220502022130-f33da4d89646/go.mod h1:JA8cRccbGaA1s33RQf7Y1+q9gHmZX1yB/z9WDN1C6fg=
github.com/segmentio/analytics-go/v3 v3.3.0 h1:8VOMaVGBW03pdBrj1CMFfY9o/rnjJC+1wyQHlVxjw5o=
github.com/segmentio/analytics-go/v3 v3.3.0/go.mod h1:p8owAF8X+5o27jmvUognuXxdtqvSGtD0ZrfY2kcS9bE=
github.com/segmentio/backo-go v1.0.0 h1:kbOAtGJY2DqOR0jfRkYEorx/b18RgtepGtY3+Cpe6qA=
github.com/segmentio/backo-go v1.0.0/go.mod h1:kJ9mm9YmoWSkk+oQ+5Cj8DEoRCX2JT6As4kEtIIOp1M=
github.com/segmentio/textio v1.2.0 h1:Ug4IkV3kh72juJbG8azoSBlgebIbUUxVNrfFcKHfTSQ=
github.com/segmentio/textio v1.2.0/go.mod h1:+Rb7v0YVODP+tK5F7FD9TCkV7gOYx9IgLHWiqtvY8ag=
github.com/shibumi/go-pathspec v1.2.0 h1:KVKEDHYk7bQolRMs7nfzjT3SBOCgcXFJzccnj9bsGbA=
github.com/shibumi/go-pathspec v1.2.0/go.mod h1:bDxCftD0fST3qXIlHoQ/fChsU4mWMVklXp1yPErQaaY=
github.com/sirupsen/logrus v1.8.1 h1:dJKuHgqk1NNQlqoA6BTlM1Wf9DOH3NBjQyu0h9+AZZE=
github.com/sirupsen/logrus v1.8.1/go.mod h1:yWOB1SBYBC5VeMP7gHvWumXLIWorT60ONWic61uBYv0=
github.com/spf13/afero v1.2.2/go.mod h1:9ZxEEn6pIJ8Rxe320qSDBk6AsU0r9pR7Q4OcevTdifk=
github.com/spf13/cobra v1.8.1 h1:e5/vxKd/rZsfSJMUX1agtjeTDf+qv1/JdBF8gg5k9ZM=
github.com/spf13/cobra v1.8.1/go.mod h1:wHxEcudfqmLYa8iTfL+OuZPbBZkmvliBWKIezN3kD9Y=
github.com/spf13/pflag v1.0.3/go.mod h1:DYY7MBk1bdzusC3SYhjObp+wFpr4gzcvqqNjLnInEg4=
github.com/spf13/pflag v1.0.5 h1:iy+VFUOCP1a+8yFto/drg2CJ5u0yRoB7fZw3DKv/JXA=
github.com/spf13/pflag v1.0.5/go.mod h1:McXfInJRrz4CZXVZOBLb0bTZqETkiAhM9Iw0y3An2Bg=
github.com/stretchr/objx v0.1.0/go.mod h1:HFkY916IF+rwdDfMAkV7OtwuqBVzrE8GR6GFx+wExME=
github.com/stretchr/testify v1.2.2/go.mod h1:a8OnRcib4nhh0OaRAV+Yts87kKdq0PP7pXfy6kDkUVs=
github.com/stretchr/testify v1.3.0/go.mod h1:M5WIy9Dh21IEIfnGCwXGc5bZfKNJtfHm1UVUgZn+9EI=
github.com/stretchr/testify v1.6.1/go.mod h1:6Fq8oRcR53rry900zMqJjRRixrwX3KX962/h/Wwjteg=
github.com/stretchr/testify v1.7.0/go.mod h1:6Fq8oRcR53rry900zMqJjRRixrwX3KX962/h/Wwjteg=
github.com/stretchr/testify v1.9.0 h1:HtqpIVDClZ4nwg75+f6Lvsy/wHu+3BoSGCbBAcpTsTg=
github.com/stretchr/testify v1.9.0/go.mod h1:r2ic/lqez/lEtzL7wO/rwa5dbSLXVDPFyf8C91i36aY=
github.com/ulikunitz/xz v0.5.6/go.mod h1:2bypXElzHzzJZwzH67Y6wb67pO62Rzfn7BSiF4ABRW8=
github.com/ulikunitz/xz v0.5.7/go.mod h1:nbz6k7qbPmH4IRqmfOplQw/tblSgqTqBwxkY0oWt/14=
github.com/valyala/bytebufferpool v1.0.0/go.mod h1:6bBcMArwyJ5K/AmCkWv1jt77kVWyCJ6HpOuEn7z0Csc=
github.com/valyala/fasttemplate v1.0.1/go.mod h1:UQGH1tvbgY+Nz5t2n7tXsz52dQxojPUpymEIMZ47gx8=
github.com/xi2/xz v0.0.0-20171230120015-48954b6210f8/go.mod h1:HUYIGzjTL3rfEspMxjDjgmT5uz5wzYJKVo23qUhYTos=
github.com/xo/terminfo v0.0.0-20210125001918-ca9a967f8778 h1:QldyIu/L63oPpyvQmHgvgickp1Yw510KJOqX7H24mg8=
github.com/xo/terminfo v0.0.0-20210125001918-ca9a967f8778/go.mod h1:2MuV+tbUrU1zIOPMxZ5EncGwgmMJsa+9ucAQZXxsObs=
github.com/yuin/goldmark v1.2.1/go.mod h1:3hX8gzYuyVAZsxl0MRgGTJEmQBFcNTphYh9decYSb74=
go.uber.org/mock v0.4.0 h1:VcM4ZOtdbR4f6VXfiOpwpVJDL6lCReaZ6mw31wqh7KU=
go.uber.org/mock v0.4.0/go.mod h1:a6FSlNadKUHUa9IP5Vyt1zh4fC7uAwxMutEAscFbkZc=
golang.org/x/crypto v0.0.0-20190308221718-c2843e01d9a2/go.mod h1:djNgcEr1/C05ACkg1iLfiJU5Ep61QUkGW8qpdssI0+w=
golang.org/x/crypto v0.0.0-20191011191535-87dc89f01550/go.mod h1:yigFU9vqHzYiE8UmvKecakEJjdnWj3jj499lnFckfCI=
golang.org/x/crypto v0.0.0-20200622213623-75b288015ac9/go.mod h1:LzIPMQfyMNhhGPhUkYOs5KpL4U8rLKemX1yGLhDgUto=
golang.org/x/mod v0.3.0/go.mod h1:s0Qsj1ACt9ePp/hMypM3fl4fZqREWJwdYDEqhRiZZUA=
golang.org/x/mod v0.11.0 h1:bUO06HqtnRcc/7l71XBe4WcqTZ+3AH1J59zWDDwLKgU=
golang.org/x/mod v0.11.0/go.mod h1:iBbtSCu2XBx23ZKBPSOrRkjjQPZFPuis4dIYUhu/chs=
golang.org/x/net v0.0.0-20180906233101-161cd47e91fd/go.mod h1:mL1N/T3taQHkDXs73rZJwtUhF3w3ftmwwsq0BUmARs4=
golang.org/x/net v0.0.0-20190311183353-d8887717615a/go.mod h1:t9HGtf8HONx5eT2rtn7q6eTqICYqUVnKs3thJo3Qplg=
golang.org/x/net v0.0.0-20190404232315-eb5bcb51f2a3/go.mod h1:t9HGtf8HONx5eT2rtn7q6eTqICYqUVnKs3thJo3Qplg=
golang.org/x/net v0.0.0-20190620200207-3b0461eec859/go.mod h1:z5CRVTTTmAJ677TzLLGU+0bjPO0LkuOLi4/5GtJWs/s=
golang.org/x/net v0.0.0-20201021035429-f5854403a974/go.mod h1:sp8m0HH+o8qH0wwXwYZr8TS3Oi6o0r6Gce1SSxlDquU=
golang.org/x/net v0.0.0-20201202161906-c7110b5ffcbb/go.mod h1:sp8m0HH+o8qH0wwXwYZr8TS3Oi6o0r6Gce1SSxlDquU=
golang.org/x/net v0.0.0-20210331212208-0fccb6fa2b5c/go.mod h1:p54w0d4576C0XHj96bSt6lcn1PtDYWL6XObtHCRCNQM=
golang.org/x/net v0.24.0 h1:1PcaxkF854Fu3+lvBIx5SYn9wRlBzzcnHZSiaFFAb0w=
golang.org/x/net v0.24.0/go.mod h1:2Q7sJY5mzlzWjKtYUEXSlBWCdyaioyXzRB2RtU8KVE8=
golang.org/x/sync v0.0.0-20180314180146-1d60e4601c6f/go.mod h1:RxMgew5VJxzue5/jJTE5uejpjVlOe/izrB70Jof72aM=
golang.org/x/sync v0.0.0-20190423024810-112230192c58/go.mod h1:RxMgew5VJxzue5/jJTE5uejpjVlOe/izrB70Jof72aM=
golang.org/x/sync v0.0.0-20201020160332-67f06af15bc9/go.mod h1:RxMgew5VJxzue5/jJTE5uejpjVlOe/izrB70Jof72aM=
golang.org/x/sync v0.7.0 h1:YsImfSBoP9QPYL0xyKJPq0gcaJdG3rInoqxTWbfQu9M=
golang.org/x/sync v0.7.0/go.mod h1:Czt+wKu1gCyEFDUtn0jG5QVvpJ6rzVqr5aXyt9drQfk=
golang.org/x/sys v0.0.0-20180909124046-d0be0721c37e/go.mod h1:STP8DvDyc/dI5b8T5hshtkjS+E42TnysNCUPdjciGhY=
golang.org/x/sys v0.0.0-20190215142949-d0b11bdaac8a/go.mod h1:STP8DvDyc/dI5b8T5hshtkjS+E42TnysNCUPdjciGhY=
golang.org/x/sys v0.0.0-20190412213103-97732733099d/go.mod h1:h1NjWce9XRLGQEsW7wpKNCjG9DtNlClVuFLEZdDNbEs=
golang.org/x/sys v0.0.0-20190904154756-749cb33beabd/go.mod h1:h1NjWce9XRLGQEsW7wpKNCjG9DtNlClVuFLEZdDNbEs=
golang.org/x/sys v0.0.0-20191026070338-33540a1f6037/go.mod h1:h1NjWce9XRLGQEsW7wpKNCjG9DtNlClVuFLEZdDNbEs=
golang.org/x/sys v0.0.0-20191120155948-bd437916bb0e/go.mod h1:h1NjWce9XRLGQEsW7wpKNCjG9DtNlClVuFLEZdDNbEs=
golang.org/x/sys v0.0.0-20200831180312-196b9ba8737a/go.mod h1:h1NjWce9XRLGQEsW7wpKNCjG9DtNlClVuFLEZdDNbEs=
golang.org/x/sys v0.0.0-20200930185726-fdedc70b468f/go.mod h1:h1NjWce9XRLGQEsW7wpKNCjG9DtNlClVuFLEZdDNbEs=
golang.org/x/sys v0.0.0-20201119102817-f84b799fce68/go.mod h1:h1NjWce9XRLGQEsW7wpKNCjG9DtNlClVuFLEZdDNbEs=
golang.org/x/sys v0.0.0-20210119212857-b64e53b001e4/go.mod h1:h1NjWce9XRLGQEsW7wpKNCjG9DtNlClVuFLEZdDNbEs=
golang.org/x/sys v0.0.0-20210330210617-4fbd30eecc44/go.mod h1:h1NjWce9XRLGQEsW7wpKNCjG9DtNlClVuFLEZdDNbEs=
golang.org/x/sys v0.0.0-20211025201205-69cdffdb9359/go.mod h1:oPkhp1MJrh7nUepCBck5+mAzfO9JrbApNNgaTdGDITg=
golang.org/x/sys v0.21.0 h1:rF+pYz3DAGSQAxAu1CbC7catZg4ebC4UIeIhKxBZvws=
golang.org/x/sys v0.21.0/go.mod h1:/VUhepiaJMQUp4+oa/7Zr1D23ma6VTLIYjOOTFZPUcA=
golang.org/x/term v0.0.0-20201126162022-7de9c90e9dd1/go.mod h1:bj7SfCRtBDWHUb9snDiAeCFNEtKQo2Wmx5Cou7ajbmo=
golang.org/x/text v0.3.0/go.mod h1:NqM8EUOU14njkJ3fqMW+pc6Ldnwhi/IjpwHt7yyuwOQ=
golang.org/x/text v0.3.3/go.mod h1:5Zoc/QRtKVWzQhOtBMvqHzDpF6irO9z98xDceosuGiQ=
golang.org/x/text v0.3.5/go.mod h1:5Zoc/QRtKVWzQhOtBMvqHzDpF6irO9z98xDceosuGiQ=
golang.org/x/text v0.14.0 h1:ScX5w1eTa3QqT8oi6+ziP7dTV1S2+ALU0bI+0zXKWiQ=
golang.org/x/text v0.14.0/go.mod h1:18ZOQIKpY8NJVqYksKHtTdi31H5itFRjB5/qKTNYzSU=
golang.org/x/tools v0.0.0-20180917221912-90fa682c2a6e/go.mod h1:n7NCudcB/nEzxVGmLbDWY5pfWTLqBcC2KZ6jyYvM4mQ=
golang.org/x/tools v0.0.0-20190624222133-a101b041ded4/go.mod h1:/rFqwRUd4F7ZHNgwSSTFct+R/Kf4OFW1sUzUTQQTgfc=
golang.org/x/tools v0.0.0-20191119224855-298f0cb1881e/go.mod h1:b+2E5dAYhXwXZwtnZ6UAqBI28+e2cm9otk0dWdXHAEo=
golang.org/x/tools v0.1.0/go.mod h1:xkSsbof2nBLbhDlRMhhhyNLN/zl3eTqcnHD5viDpcZ0=
golang.org/x/xerrors v0.0.0-20190717185122-a985d3407aa7/go.mod h1:I/5z698sn9Ka8TeJc9MKroUUfqBBauWjQqLJ2OPfmY0=
golang.org/x/xerrors v0.0.0-20191011141410-1b5146add898/go.mod h1:I/5z698sn9Ka8TeJc9MKroUUfqBBauWjQqLJ2OPfmY0=
golang.org/x/xerrors v0.0.0-20191204190536-9bdfabe68543/go.mod h1:I/5z698sn9Ka8TeJc9MKroUUfqBBauWjQqLJ2OPfmY0=
golang.org/x/xerrors v0.0.0-20200804184101-5ec99f83aff1/go.mod h1:I/5z698sn9Ka8TeJc9MKroUUfqBBauWjQqLJ2OPfmY0=
golang.org/x/xerrors v0.0.0-20240716161551-93cc26a95ae9 h1:LLhsEBxRTBLuKlQxFBYUOU8xyFgXv6cOTp2HASDlsDk=
golang.org/x/xerrors v0.0.0-20240716161551-93cc26a95ae9/go.mod h1:NDW/Ps6MPRej6fsCIbMTohpP40sJ/P/vI1MoTEGwX90=
google.golang.org/protobuf v0.0.0-20200109180630-ec00e32a8dfd/go.mod h1:DFci5gLYBciE7Vtevhsrf46CRTquxDuWsQurQQe4oz8=
google.golang.org/protobuf v0.0.0-20200221191635-4d8936d0db64/go.mod h1:kwYJMbMJ01Woi6D6+Kah6886xMZcty6N08ah7+eCXa0=
google.golang.org/protobuf v0.0.0-20200228230310-ab0ca4ff8a60/go.mod h1:cfTl7dwQJ+fmap5saPgwCLgHXTUD7jkjRqWcaiX5VyM=
google.golang.org/protobuf v1.20.1-0.20200309200217-e05f789c0967/go.mod h1:A+miEFZTKqfCUM6K7xSMQL9OKL/b6hQv+e19PK+JZNE=
google.golang.org/protobuf v1.21.0/go.mod h1:47Nbq4nVaFHyn7ilMalzfO3qCViNmqZ2kzikPIcrTAo=
google.golang.org/protobuf v1.23.0/go.mod h1:EGpADcykh3NcUnDUJcl1+ZksZNG86OlYog2l/sGQquU=
gopkg.in/check.v1 v0.0.0-20161208181325-20d25e280405/go.mod h1:Co6ibVJAznAaIkqp8huTwlJQCZ016jof/cbN4VW5Yz0=
gopkg.in/check.v1 v1.0.0-20200902074654-038fdea0a05b h1:QRR6H1YWRnHb4Y/HeNFCTJLFVxaq6wH4YuVdsUOr75U=
gopkg.in/check.v1 v1.0.0-20200902074654-038fdea0a05b/go.mod h1:Co6ibVJAznAaIkqp8huTwlJQCZ016jof/cbN4VW5Yz0=
gopkg.in/fsnotify.v1 v1.4.7/go.mod h1:Tz8NjZHkW78fSQdbUxIjBTcgA1z1m8ZHf0WmKUhAMys=
gopkg.in/tomb.v1 v1.0.0-20141024135613-dd632973f1e7/go.mod h1:dt/ZhP58zS4L8KSrWDmTeBkI65Dw0HsyUHuEVlX15mw=
gopkg.in/yaml.v2 v2.2.4/go.mod h1:hI93XBmqTisBFMUTm0b8Fm+jr3Dg1NNxqwp+5A1VGuI=
gopkg.in/yaml.v2 v2.4.0 h1:D8xgwECY7CYvx+Y2n4sBz93Jn9JRvxdiyyo8CTfuKaY=
gopkg.in/yaml.v2 v2.4.0/go.mod h1:RDklbk79AGWmwhnvt/jBztapEOGDOx6ZbXqjP6csGnQ=
gopkg.in/yaml.v3 v3.0.0-20200313102051-9f266ea9e77c/go.mod h1:K4uyk7z7BCEPqu6E+C64Yfv1cQ7kz7rIZviUmN+EgEM=
gopkg.in/yaml.v3 v3.0.0/go.mod h1:K4uyk7z7BCEPqu6E+C64Yfv1cQ7kz7rIZviUmN+EgEM=
gopkg.in/yaml.v3 v3.0.1 h1:fxVm/GzAzEWqLHuvctI91KS9hhNmmWOoWu0XTYJS7CA=
gopkg.in/yaml.v3 v3.0.1/go.mod h1:K4uyk7z7BCEPqu6E+C64Yfv1cQ7kz7rIZviUmN+EgEM=
gotest.tools/v3 v3.0.2/go.mod h1:3SzNCllyD9/Y+b5r9JIKQ474KzkZyqLqEfYqMsX94Bk=
k8s.io/klog/v2 v2.0.0/go.mod h1:PBfzABfn139FHAV07az/IF9Wp1bkk3vpT2XSJ76fSDE=
k8s.io/utils v0.0.0-20210305010621-2afb4311ab10/go.mod h1:jPW/WVKK9YHAvNhRxK0md/EJ228hCsBRufyofKtW8HA=
sigs.k8s.io/bom v0.1.0 h1:bsdppD1PncE2m71tgZJloKPYE3xRTQA7/l3Ct9MiwT8=
sigs.k8s.io/bom v0.1.0/go.mod h1:NCVrnT8JRqjyYjDl7xYl9qhhwjXKXU3IqZFlYWl6VEQ=
sigs.k8s.io/release-utils v0.3.0 h1:cyNeXvm+2lPn67f4MWmq9xapZDAI5hekpT7iQPRxta4=
sigs.k8s.io/release-utils v0.3.0/go.mod h1:J9xpziRNRI4mAeMZxPRryDodQMoMudMu6yC1aViFHU4=
